<Solution>
  <Project Path="Unity.ShaderGraph.Editor.csproj" />
  <Project Path="Unity.Multiplayer.Center.Editor.csproj" />
  <Project Path="Zenject.csproj" />
  <Project Path="Unity.RenderPipelines.Universal.Editor.csproj" />
  <Project Path="Zenject-IntegrationTests-Editor.csproj" />
  <Project Path="Unity.RenderPipelines.Core.Editor.csproj" />
  <Project Path="QFSW.QC.Extras.csproj" />
  <Project Path="Zenject-ReflectionBaking-Editor.csproj" />
  <Project Path="AssetInventory.Editor.csproj" />
  <Project Path="QFSW.QC.csproj" />
  <Project Path="UnityEngine.UI.csproj" />
  <Project Path="Zenject-UnitTests-Editor.csproj" />
  <Project Path="QFSW.QC.Grammar.csproj" />
  <Project Path="Inventory.csproj" />
  <Project Path="Zenject-Editor.csproj" />
  <Project Path="UnityEditor.TestRunner.csproj" />
  <Project Path="Zenject-IntegrationTests.csproj" />
  <Project Path="Unity.RenderPipelines.Universal.Runtime.csproj" />
  <Project Path="PPv2URPConverters.csproj" />
  <Project Path="QFSW.QC.Editor.csproj" />
  <Project Path="Signals.csproj" />
  <Project Path="UnityEngine.TestRunner.csproj" />
  <Project Path="Unity.TextMeshPro.csproj" />
  <Project Path="Unity.RenderPipelines.Core.Runtime.csproj" />
  <Project Path="Unity.RenderPipelines.GPUDriven.Runtime.csproj" />
  <Project Path="Unity.RenderPipelines.Universal.2D.Runtime.csproj" />
  <Project Path="Unity.TextMeshPro.Editor.csproj" />
  <Project Path="Unity.RenderPipelines.Universal.2D.Editor.Overrides.csproj" />
  <Project Path="UnityEditor.UI.csproj" />
  <Project Path="Unity.Multiplayer.Center.Common.csproj" />
  <Project Path="Unity.UnifiedRayTracing.Runtime.csproj" />
  <Project Path="Zenject-TestFramework.csproj" />
  <Project Path="QFSW.QC.Parsers.csproj" />
  <Project Path="BetterHierarchyDemoScripts.csproj" />
  <Project Path="Assembly-CSharp-Editor.csproj" />
  <Project Path="Extenject.csproj" />
  <Project Path="QFSW.QC.Suggestors.csproj" />
  <Project Path="QFSW.QC.QGUI.csproj" />
  <Project Path="QFSW.QC.Serializers.csproj" />
  <Project Path="QFSW.QC.UI.csproj" />
  <Project Path="Zenject-PoolMonitor-Editor.csproj" />
  <Project Path="UnityEditor.UI.Analytics.csproj" />
  <Project Path="BetterHierarchy.csproj" />
  <Project Path="QFSW.QC.Demo.csproj" />
  <Project Path="Cooking.csproj" />
  <Project Path="QFSW.QC.Editor.Tools.csproj" />
  <Project Path="Utils.csproj" />
  <Project Path="AssetInventory.JD.EditorAudioUtils.Editor.csproj" />
  <Project Path="Sirenix.OdinInspector.Modules.UnityMathematics.csproj" />
  <Project Path="Unity.InternalAPIEngineBridge.004.csproj" />
  <Project Path="UI.csproj" />
  <Project Path="QFSW.QC.ScanRules.csproj" />
  <Project Path="Building.csproj" />
  <Project Path="Scripts.csproj" />
  <Project Path="AssetInventory.Examples.csproj" />
  <Project Path="InputSystem.csproj" />
  <Project Path="Unity.Rendering.LightTransport.Editor.csproj" />
  <Project Path="Unity.RenderPipelines.ShaderGraph.ShaderGraphLibrary.csproj" />
  <Project Path="Unity.RenderPipelines.Core.ShaderLibrary.csproj" />
  <Project Path="InputSignalReceiver.csproj" />
  <Project Path="Unity.ShaderGraph.Utilities.csproj" />
  <Project Path="Player.csproj" />
  <Project Path="Unity.RenderPipeline.Universal.ShaderLibrary.csproj" />
  <Project Path="Holding.csproj" />
  <Project Path="CodeStage.Package2Folder.csproj" />
  <Project Path="Unity.RenderPipelines.Universal.Shaders.csproj" />
  <Project Path="Unity.RenderPipelines.Core.Runtime.Shared.csproj" />
  <Project Path="Unity.RenderPipelines.Core.Editor.Shared.csproj" />
  <Project Path="Assembly-CSharp.csproj" />
  <Project Path="Networking.csproj" />
  <Project Path="Assembly-CSharp-firstpass.csproj" />
  <Project Path="AssetInventory.Examples.Editor.csproj" />
  <Project Path="Unity.RenderPipelines.Universal.Config.Runtime.csproj" />
</Solution>
